
Microsoft Visual Studio Solution File, Format Version 12.00
# Visual Studio 15
VisualStudioVersion = 15.0.26124.0
MinimumVisualStudioVersion = 15.0.26124.0
Project("{FAE04EC0-301F-11D3-BF4B-00C04F79EFBC}") = "EventWebScrapper", "EventWebScrapper\EventWebScrapper.csproj", "{0F053BB1-18C6-414B-9D89-6ED6A99D04F0}"
EndProject
Project("{FAE04EC0-301F-11D3-BF4B-00C04F79EFBC}") = "EventWebScrapper.Tests", "EventWebScrapper.Tests\EventWebScrapper.Tests.csproj", "{89DC8FFC-DE9A-44D7-8260-84AD3A5A12F9}"
EndProject
Global
	GlobalSection(SolutionConfigurationPlatforms) = preSolution
		Debug|Any CPU = Debug|Any CPU
		Debug|x64 = Debug|x64
		Debug|x86 = Debug|x86
		Release|Any CPU = Release|Any CPU
		Release|x64 = Release|x64
		Release|x86 = Release|x86
	EndGlobalSection
	GlobalSection(SolutionProperties) = preSolution
		HideSolutionNode = FALSE
	EndGlobalSection
	GlobalSection(ProjectConfigurationPlatforms) = postSolution
		{0F053BB1-18C6-414B-9D89-6ED6A99D04F0}.Debug|Any CPU.ActiveCfg = Debug|Any CPU
		{0F053BB1-18C6-414B-9D89-6ED6A99D04F0}.Debug|Any CPU.Build.0 = Debug|Any CPU
		{0F053BB1-18C6-414B-9D89-6ED6A99D04F0}.Debug|x64.ActiveCfg = Debug|Any CPU
		{0F053BB1-18C6-414B-9D89-6ED6A99D04F0}.Debug|x64.Build.0 = Debug|Any CPU
		{0F053BB1-18C6-414B-9D89-6ED6A99D04F0}.Debug|x86.ActiveCfg = Debug|Any CPU
		{0F053BB1-18C6-414B-9D89-6ED6A99D04F0}.Debug|x86.Build.0 = Debug|Any CPU
		{0F053BB1-18C6-414B-9D89-6ED6A99D04F0}.Release|Any CPU.ActiveCfg = Release|Any CPU
		{0F053BB1-18C6-414B-9D89-6ED6A99D04F0}.Release|Any CPU.Build.0 = Release|Any CPU
		{0F053BB1-18C6-414B-9D89-6ED6A99D04F0}.Release|x64.ActiveCfg = Release|Any CPU
		{0F053BB1-18C6-414B-9D89-6ED6A99D04F0}.Release|x64.Build.0 = Release|Any CPU
		{0F053BB1-18C6-414B-9D89-6ED6A99D04F0}.Release|x86.ActiveCfg = Release|Any CPU
		{0F053BB1-18C6-414B-9D89-6ED6A99D04F0}.Release|x86.Build.0 = Release|Any CPU
		{89DC8FFC-DE9A-44D7-8260-84AD3A5A12F9}.Debug|Any CPU.ActiveCfg = Debug|Any CPU
		{89DC8FFC-DE9A-44D7-8260-84AD3A5A12F9}.Debug|Any CPU.Build.0 = Debug|Any CPU
		{89DC8FFC-DE9A-44D7-8260-84AD3A5A12F9}.Debug|x64.ActiveCfg = Debug|Any CPU
		{89DC8FFC-DE9A-44D7-8260-84AD3A5A12F9}.Debug|x64.Build.0 = Debug|Any CPU
		{89DC8FFC-DE9A-44D7-8260-84AD3A5A12F9}.Debug|x86.ActiveCfg = Debug|Any CPU
		{89DC8FFC-DE9A-44D7-8260-84AD3A5A12F9}.Debug|x86.Build.0 = Debug|Any CPU
		{89DC8FFC-DE9A-44D7-8260-84AD3A5A12F9}.Release|Any CPU.ActiveCfg = Release|Any CPU
		{89DC8FFC-DE9A-44D7-8260-84AD3A5A12F9}.Release|Any CPU.Build.0 = Release|Any CPU
		{89DC8FFC-DE9A-44D7-8260-84AD3A5A12F9}.Release|x64.ActiveCfg = Release|Any CPU
		{89DC8FFC-DE9A-44D7-8260-84AD3A5A12F9}.Release|x64.Build.0 = Release|Any CPU
		{89DC8FFC-DE9A-44D7-8260-84AD3A5A12F9}.Release|x86.ActiveCfg = Release|Any CPU
		{89DC8FFC-DE9A-44D7-8260-84AD3A5A12F9}.Release|x86.Build.0 = Release|Any CPU
	EndGlobalSection
EndGlobal
